
Microsoft Visual Studio Solution File, Format Version 12.00
# Visual Studio Version 17
VisualStudioVersion = 17.10.34916.146
MinimumVisualStudioVersion = 10.0.40219.1
Project("{FAE04EC0-301F-11D3-BF4B-00C04F79EFBC}") = "ProjecteBBDD", "ProjecteBBDD\ProjecteBBDD.csproj", "{1DA4461C-A1A2-4C56-A6F3-3CC7CCCDBB7A}"
EndProject
Global
	GlobalSection(SolutionConfigurationPlatforms) = preSolution
		Debug|Any CPU = Debug|Any CPU
		Release|Any CPU = Release|Any CPU
	EndGlobalSection
	GlobalSection(ProjectConfigurationPlatforms) = postSolution
		{1DA4461C-A1A2-4C56-A6F3-3CC7CCCDBB7A}.Debug|Any CPU.ActiveCfg = Debug|Any CPU
		{1DA4461C-A1A2-4C56-A6F3-3CC7CCCDBB7A}.Debug|Any CPU.Build.0 = Debug|Any CPU
		{1DA4461C-A1A2-4C56-A6F3-3CC7CCCDBB7A}.Release|Any CPU.ActiveCfg = Release|Any CPU
		{1DA4461C-A1A2-4C56-A6F3-3CC7CCCDBB7A}.Release|Any CPU.Build.0 = Release|Any CPU
	EndGlobalSection
	GlobalSection(SolutionProperties) = preSolution
		HideSolutionNode = FALSE
	EndGlobalSection
	GlobalSection(ExtensibilityGlobals) = postSolution
		SolutionGuid = {50EC03FC-9010-43DF-8C60-8ADB8CFD20E0}
	EndGlobalSection
EndGlobal
